
Microsoft Visual Studio Solution File, Format Version 12.00
# Visual Studio Version 17
VisualStudioVersion = 17.8.34330.188
MinimumVisualStudioVersion = 10.0.40219.1
Project("{8BC9CEB8-8B4A-11D0-8D11-00A0C91BC942}") = "BOJ_11004", "BOJ_11004\BOJ_11004.vcxproj", "{854EE73F-D076-4D99-BD64-2E93C6533233}"
EndProject
Global
	GlobalSection(SolutionConfigurationPlatforms) = preSolution
		Debug|x64 = Debug|x64
		Release|x64 = Release|x64
	EndGlobalSection
	GlobalSection(ProjectConfigurationPlatforms) = postSolution
		{854EE73F-D076-4D99-BD64-2E93C6533233}.Debug|x64.ActiveCfg = Debug|x64
		{854EE73F-D076-4D99-BD64-2E93C6533233}.Debug|x64.Build.0 = Debug|x64
		{854EE73F-D076-4D99-BD64-2E93C6533233}.Release|x64.ActiveCfg = Release|x64
		{854EE73F-D076-4D99-BD64-2E93C6533233}.Release|x64.Build.0 = Release|x64
	EndGlobalSection
	GlobalSection(SolutionProperties) = preSolution
		HideSolutionNode = FALSE
	EndGlobalSection
	GlobalSection(ExtensibilityGlobals) = postSolution
		SolutionGuid = {1CE079F0-A40F-4CD4-A7F7-A29EDB9B1F81}
	EndGlobalSection
EndGlobal
